// !$*UTF8*$!
{
	archiveVersion = 1;
	classes = {
	};
	objectVersion = 46;
	objects = {

/* Begin PBXBuildFile section */
		OBJ_106 /* Package.swift in Sources */ = {isa = PBXBuildFile; fileRef = OBJ_52 /* Package.swift */; };
		OBJ_61 /* Dependencies.swift in Sources */ = {isa = PBXBuildFile; fileRef = OBJ_9 /* Dependencies.swift */; };
		OBJ_63 /* Splash.framework in Frameworks */ = {isa = PBXBuildFile; fileRef = Splash::Splash::Product /* Splash.framework */; };
		OBJ_71 /* Package.swift in Sources */ = {isa = PBXBuildFile; fileRef = OBJ_6 /* Package.swift */; };
		OBJ_76 /* CharacterSet+Contains.swift in Sources */ = {isa = PBXBuildFile; fileRef = OBJ_19 /* CharacterSet+Contains.swift */; };
		OBJ_77 /* Equatable+AnyOf.swift in Sources */ = {isa = PBXBuildFile; fileRef = OBJ_21 /* Equatable+AnyOf.swift */; };
		OBJ_78 /* Int+IsOdd.swift in Sources */ = {isa = PBXBuildFile; fileRef = OBJ_23 /* Int+IsOdd.swift */; };
		OBJ_79 /* Sequence+AnyOf.swift in Sources */ = {isa = PBXBuildFile; fileRef = OBJ_25 /* Sequence+AnyOf.swift */; };
		OBJ_80 /* Sequence+Occurrences.swift in Sources */ = {isa = PBXBuildFile; fileRef = OBJ_26 /* Sequence+Occurrences.swift */; };
		OBJ_81 /* String+IsNumber.swift in Sources */ = {isa = PBXBuildFile; fileRef = OBJ_28 /* String+IsNumber.swift */; };
		OBJ_82 /* String+PrefixChecking.swift in Sources */ = {isa = PBXBuildFile; fileRef = OBJ_29 /* String+PrefixChecking.swift */; };
		OBJ_83 /* String+Removing.swift in Sources */ = {isa = PBXBuildFile; fileRef = OBJ_30 /* String+Removing.swift */; };
		OBJ_84 /* Substring+HasSuffix.swift in Sources */ = {isa = PBXBuildFile; fileRef = OBJ_31 /* Substring+HasSuffix.swift */; };
		OBJ_85 /* Grammar.swift in Sources */ = {isa = PBXBuildFile; fileRef = OBJ_33 /* Grammar.swift */; };
		OBJ_86 /* SwiftGrammar.swift in Sources */ = {isa = PBXBuildFile; fileRef = OBJ_34 /* SwiftGrammar.swift */; };
		OBJ_87 /* AttributedStringOutputFormat.swift in Sources */ = {isa = PBXBuildFile; fileRef = OBJ_36 /* AttributedStringOutputFormat.swift */; };
		OBJ_88 /* HTMLOutputFormat.swift in Sources */ = {isa = PBXBuildFile; fileRef = OBJ_37 /* HTMLOutputFormat.swift */; };
		OBJ_89 /* OutputBuilder.swift in Sources */ = {isa = PBXBuildFile; fileRef = OBJ_38 /* OutputBuilder.swift */; };
		OBJ_90 /* OutputFormat.swift in Sources */ = {isa = PBXBuildFile; fileRef = OBJ_39 /* OutputFormat.swift */; };
		OBJ_91 /* SyntaxHighlighter.swift in Sources */ = {isa = PBXBuildFile; fileRef = OBJ_41 /* SyntaxHighlighter.swift */; };
		OBJ_92 /* SyntaxRule.swift in Sources */ = {isa = PBXBuildFile; fileRef = OBJ_42 /* SyntaxRule.swift */; };
		OBJ_93 /* Color.swift in Sources */ = {isa = PBXBuildFile; fileRef = OBJ_44 /* Color.swift */; };
		OBJ_94 /* Font.swift in Sources */ = {isa = PBXBuildFile; fileRef = OBJ_45 /* Font.swift */; };
		OBJ_95 /* Theme+Defaults.swift in Sources */ = {isa = PBXBuildFile; fileRef = OBJ_46 /* Theme+Defaults.swift */; };
		OBJ_96 /* Theme.swift in Sources */ = {isa = PBXBuildFile; fileRef = OBJ_47 /* Theme.swift */; };
		OBJ_97 /* Segment.swift in Sources */ = {isa = PBXBuildFile; fileRef = OBJ_49 /* Segment.swift */; };
		OBJ_98 /* TokenType.swift in Sources */ = {isa = PBXBuildFile; fileRef = OBJ_50 /* TokenType.swift */; };
		OBJ_99 /* Tokenizer.swift in Sources */ = {isa = PBXBuildFile; fileRef = OBJ_51 /* Tokenizer.swift */; };
/* End PBXBuildFile section */

/* Begin PBXFileReference section */
		Dependencies::Dependencies::Product /* Dependencies.framework */ = {isa = PBXFileReference; path = Dependencies.framework; sourceTree = BUILT_PRODUCTS_DIR; };
		OBJ_19 /* CharacterSet+Contains.swift */ = {isa = PBXFileReference; path = "CharacterSet+Contains.swift"; sourceTree = "<group>"; };
		OBJ_21 /* Equatable+AnyOf.swift */ = {isa = PBXFileReference; path = "Equatable+AnyOf.swift"; sourceTree = "<group>"; };
		OBJ_23 /* Int+IsOdd.swift */ = {isa = PBXFileReference; path = "Int+IsOdd.swift"; sourceTree = "<group>"; };
		OBJ_25 /* Sequence+AnyOf.swift */ = {isa = PBXFileReference; path = "Sequence+AnyOf.swift"; sourceTree = "<group>"; };
		OBJ_26 /* Sequence+Occurrences.swift */ = {isa = PBXFileReference; path = "Sequence+Occurrences.swift"; sourceTree = "<group>"; };
		OBJ_28 /* String+IsNumber.swift */ = {isa = PBXFileReference; path = "String+IsNumber.swift"; sourceTree = "<group>"; };
		OBJ_29 /* String+PrefixChecking.swift */ = {isa = PBXFileReference; path = "String+PrefixChecking.swift"; sourceTree = "<group>"; };
		OBJ_30 /* String+Removing.swift */ = {isa = PBXFileReference; path = "String+Removing.swift"; sourceTree = "<group>"; };
		OBJ_31 /* Substring+HasSuffix.swift */ = {isa = PBXFileReference; path = "Substring+HasSuffix.swift"; sourceTree = "<group>"; };
		OBJ_33 /* Grammar.swift */ = {isa = PBXFileReference; path = Grammar.swift; sourceTree = "<group>"; };
		OBJ_34 /* SwiftGrammar.swift */ = {isa = PBXFileReference; path = SwiftGrammar.swift; sourceTree = "<group>"; };
		OBJ_36 /* AttributedStringOutputFormat.swift */ = {isa = PBXFileReference; path = AttributedStringOutputFormat.swift; sourceTree = "<group>"; };
		OBJ_37 /* HTMLOutputFormat.swift */ = {isa = PBXFileReference; path = HTMLOutputFormat.swift; sourceTree = "<group>"; };
		OBJ_38 /* OutputBuilder.swift */ = {isa = PBXFileReference; path = OutputBuilder.swift; sourceTree = "<group>"; };
		OBJ_39 /* OutputFormat.swift */ = {isa = PBXFileReference; path = OutputFormat.swift; sourceTree = "<group>"; };
		OBJ_41 /* SyntaxHighlighter.swift */ = {isa = PBXFileReference; path = SyntaxHighlighter.swift; sourceTree = "<group>"; };
		OBJ_42 /* SyntaxRule.swift */ = {isa = PBXFileReference; path = SyntaxRule.swift; sourceTree = "<group>"; };
		OBJ_44 /* Color.swift */ = {isa = PBXFileReference; path = Color.swift; sourceTree = "<group>"; };
		OBJ_45 /* Font.swift */ = {isa = PBXFileReference; path = Font.swift; sourceTree = "<group>"; };
		OBJ_46 /* Theme+Defaults.swift */ = {isa = PBXFileReference; path = "Theme+Defaults.swift"; sourceTree = "<group>"; };
		OBJ_47 /* Theme.swift */ = {isa = PBXFileReference; path = Theme.swift; sourceTree = "<group>"; };
		OBJ_49 /* Segment.swift */ = {isa = PBXFileReference; path = Segment.swift; sourceTree = "<group>"; };
		OBJ_50 /* TokenType.swift */ = {isa = PBXFileReference; path = TokenType.swift; sourceTree = "<group>"; };
		OBJ_51 /* Tokenizer.swift */ = {isa = PBXFileReference; path = Tokenizer.swift; sourceTree = "<group>"; };
		OBJ_52 /* Package.swift */ = {isa = PBXFileReference; explicitFileType = sourcecode.swift; name = Package.swift; path = "/Users/tadija/Documents/Developer/Lab/SwiftPreview/Dependencies/.build/checkouts/Splash--3422332813145766500/Package.swift"; sourceTree = "<group>"; };
		OBJ_6 /* Package.swift */ = {isa = PBXFileReference; explicitFileType = sourcecode.swift; path = Package.swift; sourceTree = "<group>"; };
		OBJ_9 /* Dependencies.swift */ = {isa = PBXFileReference; path = Dependencies.swift; sourceTree = "<group>"; };
		Splash::Splash::Product /* Splash.framework */ = {isa = PBXFileReference; path = Splash.framework; sourceTree = BUILT_PRODUCTS_DIR; };
/* End PBXFileReference section */

/* Begin PBXFrameworksBuildPhase section */
		OBJ_100 /* Frameworks */ = {
			isa = PBXFrameworksBuildPhase;
			files = (
			);
		};
		OBJ_62 /* Frameworks */ = {
			isa = PBXFrameworksBuildPhase;
			files = (
				OBJ_63 /* Splash.framework in Frameworks */,
			);
		};
/* End PBXFrameworksBuildPhase section */

/* Begin PBXGroup section */
		OBJ_10 /* Tests */ = {
			isa = PBXGroup;
			children = (
			);
			name = Tests;
			path = "";
			sourceTree = SOURCE_ROOT;
		};
		OBJ_11 /* Dependencies */ = {
			isa = PBXGroup;
			children = (
				OBJ_12 /* Splash */,
			);
			name = Dependencies;
			path = "";
			sourceTree = "<group>";
		};
		OBJ_12 /* Splash */ = {
			isa = PBXGroup;
			children = (
				OBJ_13 /* SplashTokenizer */,
				OBJ_14 /* SplashHTMLGen */,
				OBJ_15 /* SplashImageGen */,
				OBJ_16 /* Splash */,
				OBJ_52 /* Package.swift */,
			);
			name = Splash;
			path = "";
			sourceTree = SOURCE_ROOT;
		};
		OBJ_13 /* SplashTokenizer */ = {
			isa = PBXGroup;
			children = (
			);
			name = SplashTokenizer;
			path = ".build/checkouts/Splash--3422332813145766500/Sources/SplashTokenizer";
			sourceTree = SOURCE_ROOT;
		};
		OBJ_14 /* SplashHTMLGen */ = {
			isa = PBXGroup;
			children = (
			);
			name = SplashHTMLGen;
			path = ".build/checkouts/Splash--3422332813145766500/Sources/SplashHTMLGen";
			sourceTree = SOURCE_ROOT;
		};
		OBJ_15 /* SplashImageGen */ = {
			isa = PBXGroup;
			children = (
			);
			name = SplashImageGen;
			path = ".build/checkouts/Splash--3422332813145766500/Sources/SplashImageGen";
			sourceTree = SOURCE_ROOT;
		};
		OBJ_16 /* Splash */ = {
			isa = PBXGroup;
			children = (
				OBJ_17 /* Extensions */,
				OBJ_32 /* Grammar */,
				OBJ_35 /* Output */,
				OBJ_40 /* Syntax */,
				OBJ_43 /* Theming */,
				OBJ_48 /* Tokenizing */,
			);
			name = Splash;
			path = ".build/checkouts/Splash--3422332813145766500/Sources/Splash";
			sourceTree = SOURCE_ROOT;
		};
		OBJ_17 /* Extensions */ = {
			isa = PBXGroup;
			children = (
				OBJ_18 /* CharacterSet */,
				OBJ_20 /* Equatable */,
				OBJ_22 /* Int */,
				OBJ_24 /* Sequence */,
				OBJ_27 /* Strings */,
			);
			name = Extensions;
			path = Extensions;
			sourceTree = "<group>";
		};
		OBJ_18 /* CharacterSet */ = {
			isa = PBXGroup;
			children = (
				OBJ_19 /* CharacterSet+Contains.swift */,
			);
			name = CharacterSet;
			path = CharacterSet;
			sourceTree = "<group>";
		};
		OBJ_20 /* Equatable */ = {
			isa = PBXGroup;
			children = (
				OBJ_21 /* Equatable+AnyOf.swift */,
			);
			name = Equatable;
			path = Equatable;
			sourceTree = "<group>";
		};
		OBJ_22 /* Int */ = {
			isa = PBXGroup;
			children = (
				OBJ_23 /* Int+IsOdd.swift */,
			);
			name = Int;
			path = Int;
			sourceTree = "<group>";
		};
		OBJ_24 /* Sequence */ = {
			isa = PBXGroup;
			children = (
				OBJ_25 /* Sequence+AnyOf.swift */,
				OBJ_26 /* Sequence+Occurrences.swift */,
			);
			name = Sequence;
			path = Sequence;
			sourceTree = "<group>";
		};
		OBJ_27 /* Strings */ = {
			isa = PBXGroup;
			children = (
				OBJ_28 /* String+IsNumber.swift */,
				OBJ_29 /* String+PrefixChecking.swift */,
				OBJ_30 /* String+Removing.swift */,
				OBJ_31 /* Substring+HasSuffix.swift */,
			);
			name = Strings;
			path = Strings;
			sourceTree = "<group>";
		};
		OBJ_32 /* Grammar */ = {
			isa = PBXGroup;
			children = (
				OBJ_33 /* Grammar.swift */,
				OBJ_34 /* SwiftGrammar.swift */,
			);
			name = Grammar;
			path = Grammar;
			sourceTree = "<group>";
		};
		OBJ_35 /* Output */ = {
			isa = PBXGroup;
			children = (
				OBJ_36 /* AttributedStringOutputFormat.swift */,
				OBJ_37 /* HTMLOutputFormat.swift */,
				OBJ_38 /* OutputBuilder.swift */,
				OBJ_39 /* OutputFormat.swift */,
			);
			name = Output;
			path = Output;
			sourceTree = "<group>";
		};
		OBJ_40 /* Syntax */ = {
			isa = PBXGroup;
			children = (
				OBJ_41 /* SyntaxHighlighter.swift */,
				OBJ_42 /* SyntaxRule.swift */,
			);
			name = Syntax;
			path = Syntax;
			sourceTree = "<group>";
		};
		OBJ_43 /* Theming */ = {
			isa = PBXGroup;
			children = (
				OBJ_44 /* Color.swift */,
				OBJ_45 /* Font.swift */,
				OBJ_46 /* Theme+Defaults.swift */,
				OBJ_47 /* Theme.swift */,
			);
			name = Theming;
			path = Theming;
			sourceTree = "<group>";
		};
		OBJ_48 /* Tokenizing */ = {
			isa = PBXGroup;
			children = (
				OBJ_49 /* Segment.swift */,
				OBJ_50 /* TokenType.swift */,
				OBJ_51 /* Tokenizer.swift */,
			);
			name = Tokenizing;
			path = Tokenizing;
			sourceTree = "<group>";
		};
		OBJ_5 = {
			isa = PBXGroup;
			children = (
				OBJ_6 /* Package.swift */,
				OBJ_7 /* Sources */,
				OBJ_10 /* Tests */,
				OBJ_11 /* Dependencies */,
				OBJ_53 /* Products */,
			);
			path = "";
			sourceTree = "<group>";
		};
		OBJ_53 /* Products */ = {
			isa = PBXGroup;
			children = (
				Dependencies::Dependencies::Product /* Dependencies.framework */,
				Splash::Splash::Product /* Splash.framework */,
			);
			name = Products;
			path = "";
			sourceTree = BUILT_PRODUCTS_DIR;
		};
		OBJ_7 /* Sources */ = {
			isa = PBXGroup;
			children = (
				OBJ_8 /* Dependencies */,
			);
			name = Sources;
			path = "";
			sourceTree = SOURCE_ROOT;
		};
		OBJ_8 /* Dependencies */ = {
			isa = PBXGroup;
			children = (
				OBJ_9 /* Dependencies.swift */,
			);
			name = Dependencies;
			path = "";
			sourceTree = SOURCE_ROOT;
		};
/* End PBXGroup section */

/* Begin PBXNativeTarget section */
		Dependencies::Dependencies /* Dependencies */ = {
			isa = PBXNativeTarget;
			buildConfigurationList = OBJ_57 /* Build configuration list for PBXNativeTarget "Dependencies" */;
			buildPhases = (
				OBJ_60 /* Sources */,
				OBJ_62 /* Frameworks */,
			);
			buildRules = (
			);
			dependencies = (
				OBJ_64 /* PBXTargetDependency */,
			);
			name = Dependencies;
			productName = Dependencies;
			productReference = Dependencies::Dependencies::Product /* Dependencies.framework */;
			productType = "com.apple.product-type.framework";
		};
		Dependencies::SwiftPMPackageDescription /* DependenciesPackageDescription */ = {
			isa = PBXNativeTarget;
			buildConfigurationList = OBJ_67 /* Build configuration list for PBXNativeTarget "DependenciesPackageDescription" */;
			buildPhases = (
				OBJ_70 /* Sources */,
			);
			buildRules = (
			);
			dependencies = (
			);
			name = DependenciesPackageDescription;
			productName = DependenciesPackageDescription;
			productType = "com.apple.product-type.framework";
		};
		Splash::Splash /* Splash */ = {
			isa = PBXNativeTarget;
			buildConfigurationList = OBJ_72 /* Build configuration list for PBXNativeTarget "Splash" */;
			buildPhases = (
				OBJ_75 /* Sources */,
				OBJ_100 /* Frameworks */,
			);
			buildRules = (
			);
			dependencies = (
			);
			name = Splash;
			productName = Splash;
			productReference = Splash::Splash::Product /* Splash.framework */;
			productType = "com.apple.product-type.framework";
		};
		Splash::SwiftPMPackageDescription /* SplashPackageDescription */ = {
			isa = PBXNativeTarget;
			buildConfigurationList = OBJ_102 /* Build configuration list for PBXNativeTarget "SplashPackageDescription" */;
			buildPhases = (
				OBJ_105 /* Sources */,
			);
			buildRules = (
			);
			dependencies = (
			);
			name = SplashPackageDescription;
			productName = SplashPackageDescription;
			productType = "com.apple.product-type.framework";
		};
/* End PBXNativeTarget section */

/* Begin PBXProject section */
		OBJ_1 /* Project object */ = {
			isa = PBXProject;
			attributes = {
				LastUpgradeCheck = 9999;
			};
			buildConfigurationList = OBJ_2 /* Build configuration list for PBXProject "Dependencies" */;
			compatibilityVersion = "Xcode 3.2";
			developmentRegion = English;
			hasScannedForEncodings = 0;
			knownRegions = (
				en,
			);
			mainGroup = OBJ_5;
			productRefGroup = OBJ_53 /* Products */;
			projectDirPath = .;
			targets = (
				Dependencies::Dependencies /* Dependencies */,
				Dependencies::SwiftPMPackageDescription /* DependenciesPackageDescription */,
				Splash::Splash /* Splash */,
				Splash::SwiftPMPackageDescription /* SplashPackageDescription */,
			);
		};
/* End PBXProject section */

/* Begin PBXSourcesBuildPhase section */
		OBJ_105 /* Sources */ = {
			isa = PBXSourcesBuildPhase;
			files = (
				OBJ_106 /* Package.swift in Sources */,
			);
		};
		OBJ_60 /* Sources */ = {
			isa = PBXSourcesBuildPhase;
			files = (
				OBJ_61 /* Dependencies.swift in Sources */,
			);
		};
		OBJ_70 /* Sources */ = {
			isa = PBXSourcesBuildPhase;
			files = (
				OBJ_71 /* Package.swift in Sources */,
			);
		};
		OBJ_75 /* Sources */ = {
			isa = PBXSourcesBuildPhase;
			files = (
				OBJ_76 /* CharacterSet+Contains.swift in Sources */,
				OBJ_77 /* Equatable+AnyOf.swift in Sources */,
				OBJ_78 /* Int+IsOdd.swift in Sources */,
				OBJ_79 /* Sequence+AnyOf.swift in Sources */,
				OBJ_80 /* Sequence+Occurrences.swift in Sources */,
				OBJ_81 /* String+IsNumber.swift in Sources */,
				OBJ_82 /* String+PrefixChecking.swift in Sources */,
				OBJ_83 /* String+Removing.swift in Sources */,
				OBJ_84 /* Substring+HasSuffix.swift in Sources */,
				OBJ_85 /* Grammar.swift in Sources */,
				OBJ_86 /* SwiftGrammar.swift in Sources */,
				OBJ_87 /* AttributedStringOutputFormat.swift in Sources */,
				OBJ_88 /* HTMLOutputFormat.swift in Sources */,
				OBJ_89 /* OutputBuilder.swift in Sources */,
				OBJ_90 /* OutputFormat.swift in Sources */,
				OBJ_91 /* SyntaxHighlighter.swift in Sources */,
				OBJ_92 /* SyntaxRule.swift in Sources */,
				OBJ_93 /* Color.swift in Sources */,
				OBJ_94 /* Font.swift in Sources */,
				OBJ_95 /* Theme+Defaults.swift in Sources */,
				OBJ_96 /* Theme.swift in Sources */,
				OBJ_97 /* Segment.swift in Sources */,
				OBJ_98 /* TokenType.swift in Sources */,
				OBJ_99 /* Tokenizer.swift in Sources */,
			);
		};
/* End PBXSourcesBuildPhase section */

/* Begin PBXTargetDependency section */
		OBJ_64 /* PBXTargetDependency */ = {
			isa = PBXTargetDependency;
			target = Splash::Splash /* Splash */;
		};
/* End PBXTargetDependency section */

/* Begin XCBuildConfiguration section */
		OBJ_103 /* Debug */ = {
			isa = XCBuildConfiguration;
			buildSettings = {
				DEFINES_MODULE = YES;
				LD = /usr/bin/true;
				OTHER_SWIFT_FLAGS = "-swift-version 4 -I $(TOOLCHAIN_DIR)/usr/lib/swift/pm/4 -target x86_64-apple-macosx10.10 -sdk /Applications/Xcode.app/Contents/Developer/Platforms/MacOSX.platform/Developer/SDKs/MacOSX10.14.sdk";
				SWIFT_VERSION = 4.0;
			};
			name = Debug;
		};
		OBJ_104 /* Release */ = {
			isa = XCBuildConfiguration;
			buildSettings = {
				DEFINES_MODULE = YES;
				LD = /usr/bin/true;
				OTHER_SWIFT_FLAGS = "-swift-version 4 -I $(TOOLCHAIN_DIR)/usr/lib/swift/pm/4 -target x86_64-apple-macosx10.10 -sdk /Applications/Xcode.app/Contents/Developer/Platforms/MacOSX.platform/Developer/SDKs/MacOSX10.14.sdk";
				SWIFT_VERSION = 4.0;
			};
			name = Release;
		};
		OBJ_3 /* Debug */ = {
			isa = XCBuildConfiguration;
			buildSettings = {
				CLANG_ENABLE_OBJC_ARC = YES;
				COMBINE_HIDPI_IMAGES = YES;
				COPY_PHASE_STRIP = NO;
				DEBUG_INFORMATION_FORMAT = dwarf;
				DYLIB_INSTALL_NAME_BASE = "@rpath";
				ENABLE_NS_ASSERTIONS = YES;
				GCC_OPTIMIZATION_LEVEL = 0;
				GCC_PREPROCESSOR_DEFINITIONS = (
					"DEBUG=1",
					"$(inherited)",
				);
				MACOSX_DEPLOYMENT_TARGET = 10.10;
				ONLY_ACTIVE_ARCH = YES;
				OTHER_SWIFT_FLAGS = "-DXcode";
				PRODUCT_NAME = "$(TARGET_NAME)";
				SDKROOT = iphoneos;
				SWIFT_ACTIVE_COMPILATION_CONDITIONS = "SWIFT_PACKAGE DEBUG";
				SWIFT_OPTIMIZATION_LEVEL = "-Onone";
				USE_HEADERMAP = NO;
			};
			name = Debug;
		};
		OBJ_4 /* Release */ = {
			isa = XCBuildConfiguration;
			buildSettings = {
				CLANG_ENABLE_OBJC_ARC = YES;
				COMBINE_HIDPI_IMAGES = YES;
				COPY_PHASE_STRIP = YES;
				DEBUG_INFORMATION_FORMAT = "dwarf-with-dsym";
				DYLIB_INSTALL_NAME_BASE = "@rpath";
				GCC_OPTIMIZATION_LEVEL = s;
				MACOSX_DEPLOYMENT_TARGET = 10.10;
				OTHER_SWIFT_FLAGS = "-DXcode";
				PRODUCT_NAME = "$(TARGET_NAME)";
				SDKROOT = iphoneos;
				SWIFT_ACTIVE_COMPILATION_CONDITIONS = SWIFT_PACKAGE;
				SWIFT_OPTIMIZATION_LEVEL = "-Owholemodule";
				USE_HEADERMAP = NO;
			};
			name = Release;
		};
		OBJ_58 /* Debug */ = {
			isa = XCBuildConfiguration;
			buildSettings = {
				DEFINES_MODULE = YES;
				ENABLE_TESTABILITY = YES;
				FRAMEWORK_SEARCH_PATHS = (
					"$(inherited)",
					"$(PLATFORM_DIR)/Developer/Library/Frameworks",
				);
				HEADER_SEARCH_PATHS = "$(inherited)";
				INFOPLIST_FILE = Dependencies.xcodeproj/Dependencies_Info.plist;
				LD_RUNPATH_SEARCH_PATHS = "$(inherited) $(TOOLCHAIN_DIR)/usr/lib/swift/macosx";
				OTHER_CFLAGS = "$(inherited)";
				OTHER_LDFLAGS = "$(inherited)";
				OTHER_SWIFT_FLAGS = "$(inherited)";
				PRODUCT_BUNDLE_IDENTIFIER = Dependencies;
				PRODUCT_MODULE_NAME = "$(TARGET_NAME:c99extidentifier)";
				PRODUCT_NAME = "$(TARGET_NAME:c99extidentifier)";
				SKIP_INSTALL = YES;
				SWIFT_ACTIVE_COMPILATION_CONDITIONS = "$(inherited)";
				SWIFT_VERSION = 4.2;
				TARGET_NAME = Dependencies;
			};
			name = Debug;
		};
		OBJ_59 /* Release */ = {
			isa = XCBuildConfiguration;
			buildSettings = {
				DEFINES_MODULE = YES;
				ENABLE_TESTABILITY = YES;
				FRAMEWORK_SEARCH_PATHS = (
					"$(inherited)",
					"$(PLATFORM_DIR)/Developer/Library/Frameworks",
				);
				HEADER_SEARCH_PATHS = "$(inherited)";
				INFOPLIST_FILE = Dependencies.xcodeproj/Dependencies_Info.plist;
				LD_RUNPATH_SEARCH_PATHS = "$(inherited) $(TOOLCHAIN_DIR)/usr/lib/swift/macosx";
				OTHER_CFLAGS = "$(inherited)";
				OTHER_LDFLAGS = "$(inherited)";
				OTHER_SWIFT_FLAGS = "$(inherited)";
				PRODUCT_BUNDLE_IDENTIFIER = Dependencies;
				PRODUCT_MODULE_NAME = "$(TARGET_NAME:c99extidentifier)";
				PRODUCT_NAME = "$(TARGET_NAME:c99extidentifier)";
				SKIP_INSTALL = YES;
				SWIFT_ACTIVE_COMPILATION_CONDITIONS = "$(inherited)";
				SWIFT_VERSION = 4.2;
				TARGET_NAME = Dependencies;
			};
			name = Release;
		};
		OBJ_68 /* Debug */ = {
			isa = XCBuildConfiguration;
			buildSettings = {
				DEFINES_MODULE = YES;
				LD = /usr/bin/true;
				OTHER_SWIFT_FLAGS = "-swift-version 4.2 -I $(TOOLCHAIN_DIR)/usr/lib/swift/pm/4_2 -target x86_64-apple-macosx10.10 -sdk /Applications/Xcode.app/Contents/Developer/Platforms/MacOSX.platform/Developer/SDKs/MacOSX10.14.sdk";
				SWIFT_VERSION = 4.2;
			};
			name = Debug;
		};
		OBJ_69 /* Release */ = {
			isa = XCBuildConfiguration;
			buildSettings = {
				DEFINES_MODULE = YES;
				LD = /usr/bin/true;
				OTHER_SWIFT_FLAGS = "-swift-version 4.2 -I $(TOOLCHAIN_DIR)/usr/lib/swift/pm/4_2 -target x86_64-apple-macosx10.10 -sdk /Applications/Xcode.app/Contents/Developer/Platforms/MacOSX.platform/Developer/SDKs/MacOSX10.14.sdk";
				SWIFT_VERSION = 4.2;
			};
			name = Release;
		};
		OBJ_73 /* Debug */ = {
			isa = XCBuildConfiguration;
			buildSettings = {
				DEFINES_MODULE = YES;
				ENABLE_TESTABILITY = YES;
				FRAMEWORK_SEARCH_PATHS = (
					"$(inherited)",
					"$(PLATFORM_DIR)/Developer/Library/Frameworks",
				);
				HEADER_SEARCH_PATHS = "$(inherited)";
				INFOPLIST_FILE = Dependencies.xcodeproj/Splash_Info.plist;
				LD_RUNPATH_SEARCH_PATHS = "$(inherited) $(TOOLCHAIN_DIR)/usr/lib/swift/macosx";
				OTHER_CFLAGS = "$(inherited)";
				OTHER_LDFLAGS = "$(inherited)";
				OTHER_SWIFT_FLAGS = "$(inherited)";
				PRODUCT_BUNDLE_IDENTIFIER = Splash;
				PRODUCT_MODULE_NAME = "$(TARGET_NAME:c99extidentifier)";
				PRODUCT_NAME = "$(TARGET_NAME:c99extidentifier)";
				SKIP_INSTALL = YES;
				SWIFT_ACTIVE_COMPILATION_CONDITIONS = "$(inherited)";
				SWIFT_VERSION = 4.0;
				TARGET_NAME = Splash;
			};
			name = Debug;
		};
		OBJ_74 /* Release */ = {
			isa = XCBuildConfiguration;
			buildSettings = {
				DEFINES_MODULE = YES;
				ENABLE_TESTABILITY = YES;
				FRAMEWORK_SEARCH_PATHS = (
					"$(inherited)",
					"$(PLATFORM_DIR)/Developer/Library/Frameworks",
				);
				HEADER_SEARCH_PATHS = "$(inherited)";
				INFOPLIST_FILE = Dependencies.xcodeproj/Splash_Info.plist;
				LD_RUNPATH_SEARCH_PATHS = "$(inherited) $(TOOLCHAIN_DIR)/usr/lib/swift/macosx";
				OTHER_CFLAGS = "$(inherited)";
				OTHER_LDFLAGS = "$(inherited)";
				OTHER_SWIFT_FLAGS = "$(inherited)";
				PRODUCT_BUNDLE_IDENTIFIER = Splash;
				PRODUCT_MODULE_NAME = "$(TARGET_NAME:c99extidentifier)";
				PRODUCT_NAME = "$(TARGET_NAME:c99extidentifier)";
				SKIP_INSTALL = YES;
				SWIFT_ACTIVE_COMPILATION_CONDITIONS = "$(inherited)";
				SWIFT_VERSION = 4.0;
				TARGET_NAME = Splash;
			};
			name = Release;
		};
/* End XCBuildConfiguration section */

/* Begin XCConfigurationList section */
		OBJ_102 /* Build configuration list for PBXNativeTarget "SplashPackageDescription" */ = {
			isa = XCConfigurationList;
			buildConfigurations = (
				OBJ_103 /* Debug */,
				OBJ_104 /* Release */,
			);
			defaultConfigurationIsVisible = 0;
			defaultConfigurationName = Release;
		};
		OBJ_2 /* Build configuration list for PBXProject "Dependencies" */ = {
			isa = XCConfigurationList;
			buildConfigurations = (
				OBJ_3 /* Debug */,
				OBJ_4 /* Release */,
			);
			defaultConfigurationIsVisible = 0;
			defaultConfigurationName = Release;
		};
		OBJ_57 /* Build configuration list for PBXNativeTarget "Dependencies" */ = {
			isa = XCConfigurationList;
			buildConfigurations = (
				OBJ_58 /* Debug */,
				OBJ_59 /* Release */,
			);
			defaultConfigurationIsVisible = 0;
			defaultConfigurationName = Release;
		};
		OBJ_67 /* Build configuration list for PBXNativeTarget "DependenciesPackageDescription" */ = {
			isa = XCConfigurationList;
			buildConfigurations = (
				OBJ_68 /* Debug */,
				OBJ_69 /* Release */,
			);
			defaultConfigurationIsVisible = 0;
			defaultConfigurationName = Release;
		};
		OBJ_72 /* Build configuration list for PBXNativeTarget "Splash" */ = {
			isa = XCConfigurationList;
			buildConfigurations = (
				OBJ_73 /* Debug */,
				OBJ_74 /* Release */,
			);
			defaultConfigurationIsVisible = 0;
			defaultConfigurationName = Release;
		};
/* End XCConfigurationList section */
	};
	rootObject = OBJ_1 /* Project object */;
}
