{
  "object": {
    "pins": [
      {
        "package": "Splash",
        "repositoryURL": "https://github.com/JohnSundell/Splash",
        "state": {
          "branch": "master",
          "revision": "9a7fdefab48b283528d3567826d6cbeeaae1920b",
          "version": null
        }
      }
    ]
  },
  "version": 1
}
